
Microsoft Visual Studio Solution File, Format Version 12.00
# Visual Studio Version 16
VisualStudioVersion = 16.0.32106.194
MinimumVisualStudioVersion = 10.0.40219.1
Project("{FAE04EC0-301F-11D3-BF4B-00C04F79EFBC}") = "OnlineShop", "OnlineShop.csproj", "{86E7D6BF-58EC-47F6-BB61-354CF18B9C39}"
EndProject
Global
	GlobalSection(SolutionConfigurationPlatforms) = preSolution
		Debug|Any CPU = Debug|Any CPU
		Release|Any CPU = Release|Any CPU
	EndGlobalSection
	GlobalSection(ProjectConfigurationPlatforms) = postSolution
		{86E7D6BF-58EC-47F6-BB61-354CF18B9C39}.Debug|Any CPU.ActiveCfg = Debug|Any CPU
		{86E7D6BF-58EC-47F6-BB61-354CF18B9C39}.Debug|Any CPU.Build.0 = Debug|Any CPU
		{86E7D6BF-58EC-47F6-BB61-354CF18B9C39}.Release|Any CPU.ActiveCfg = Release|Any CPU
		{86E7D6BF-58EC-47F6-BB61-354CF18B9C39}.Release|Any CPU.Build.0 = Release|Any CPU
	EndGlobalSection
	GlobalSection(SolutionProperties) = preSolution
		HideSolutionNode = FALSE
	EndGlobalSection
	GlobalSection(ExtensibilityGlobals) = postSolution
		SolutionGuid = {5D093AB7-11A3-46D9-88EA-BB5D2E53EC42}
	EndGlobalSection
EndGlobal
